
Microsoft Visual Studio Solution File, Format Version 12.00
# Visual Studio Version 16
VisualStudioVersion = 16.0.30804.86
MinimumVisualStudioVersion = 10.0.40219.1
Project("{888888A0-9F3D-457C-B088-3A5042F75D52}") = "HangMan", "HangMan\HangMan.pyproj", "{CEB7DBA8-DD47-49AF-AE50-71DF4F494CAD}"
EndProject
Global
	GlobalSection(SolutionConfigurationPlatforms) = preSolution
		Debug|Any CPU = Debug|Any CPU
		Release|Any CPU = Release|Any CPU
	EndGlobalSection
	GlobalSection(ProjectConfigurationPlatforms) = postSolution
		{CEB7DBA8-DD47-49AF-AE50-71DF4F494CAD}.Debug|Any CPU.ActiveCfg = Debug|Any CPU
		{CEB7DBA8-DD47-49AF-AE50-71DF4F494CAD}.Release|Any CPU.ActiveCfg = Release|Any CPU
	EndGlobalSection
	GlobalSection(SolutionProperties) = preSolution
		HideSolutionNode = FALSE
	EndGlobalSection
	GlobalSection(ExtensibilityGlobals) = postSolution
		SolutionGuid = {FE6CF8A3-88E3-49A8-91AB-EC07F0490D4A}
	EndGlobalSection
EndGlobal
